
Microsoft Visual Studio Solution File, Format Version 12.00
# Visual Studio Version 16
VisualStudioVersion = 16.0.29613.14
MinimumVisualStudioVersion = 10.0.40219.1
Project("{FAE04EC0-301F-11D3-BF4B-00C04F79EFBC}") = "2D Chess", "2D Chess\2D Chess.csproj", "{4CB9470B-2D23-4A5B-9BBF-16A69EFB641C}"
EndProject
Global
	GlobalSection(SolutionConfigurationPlatforms) = preSolution
		Debug|Any CPU = Debug|Any CPU
		Release|Any CPU = Release|Any CPU
	EndGlobalSection
	GlobalSection(ProjectConfigurationPlatforms) = postSolution
		{4CB9470B-2D23-4A5B-9BBF-16A69EFB641C}.Debug|Any CPU.ActiveCfg = Debug|Any CPU
		{4CB9470B-2D23-4A5B-9BBF-16A69EFB641C}.Debug|Any CPU.Build.0 = Debug|Any CPU
		{4CB9470B-2D23-4A5B-9BBF-16A69EFB641C}.Release|Any CPU.ActiveCfg = Release|Any CPU
		{4CB9470B-2D23-4A5B-9BBF-16A69EFB641C}.Release|Any CPU.Build.0 = Release|Any CPU
	EndGlobalSection
	GlobalSection(SolutionProperties) = preSolution
		HideSolutionNode = FALSE
	EndGlobalSection
	GlobalSection(ExtensibilityGlobals) = postSolution
		SolutionGuid = {391B3154-C5C6-4D9D-A632-ECD8B2D8FFED}
	EndGlobalSection
EndGlobal
